
Microsoft Visual Studio Solution File, Format Version 12.00
# Visual Studio Version 17
VisualStudioVersion = 17.3.32929.385
MinimumVisualStudioVersion = 10.0.40219.1
Project("{FAE04EC0-301F-11D3-BF4B-00C04F79EFBC}") = "ExtensionMethods", "ExtensionMethods\ExtensionMethods.csproj", "{84A5AACF-7C7E-43CE-AFCA-3D26AD26B840}"
EndProject
Global
	GlobalSection(SolutionConfigurationPlatforms) = preSolution
		Debug|Any CPU = Debug|Any CPU
		Release|Any CPU = Release|Any CPU
	EndGlobalSection
	GlobalSection(ProjectConfigurationPlatforms) = postSolution
		{84A5AACF-7C7E-43CE-AFCA-3D26AD26B840}.Debug|Any CPU.ActiveCfg = Debug|Any CPU
		{84A5AACF-7C7E-43CE-AFCA-3D26AD26B840}.Debug|Any CPU.Build.0 = Debug|Any CPU
		{84A5AACF-7C7E-43CE-AFCA-3D26AD26B840}.Release|Any CPU.ActiveCfg = Release|Any CPU
		{84A5AACF-7C7E-43CE-AFCA-3D26AD26B840}.Release|Any CPU.Build.0 = Release|Any CPU
	EndGlobalSection
	GlobalSection(SolutionProperties) = preSolution
		HideSolutionNode = FALSE
	EndGlobalSection
	GlobalSection(ExtensibilityGlobals) = postSolution
		SolutionGuid = {FB879CEF-0A2F-422B-A18C-C1688A4F8607}
	EndGlobalSection
EndGlobal
